# THIS IS AN AUTOGENERATED FILE. DO NOT EDIT THIS FILE DIRECTLY.
# yarn lockfile v1


dotenv@^9.0.0:
  version "9.0.0"
  resolved "https://registry.yarnpkg.com/dotenv/-/dotenv-9.0.0.tgz#2408af4e39378375b7eebe30b7b54989e36d6e46"
  integrity sha512-yy3x9XjojW8ROTBePD25AcMoHqGHsvHmtfw8QWlpEXyMMXXPj6brUA464AptUvHuTPRmNz6Sd3ZLNLeJl6dHJA==
